
Microsoft Visual Studio Solution File, Format Version 12.00
# Visual Studio Version 16
VisualStudioVersion = 16.0.30114.128
MinimumVisualStudioVersion = 10.0.40219.1
Project("{9A19103F-16F7-4668-BE54-9A1E7A4F7556}") = "Hotdogapp.Server", "Hotdogapp\Server\Hotdogapp.Server.csproj", "{7570699F-63D9-4152-B92F-0BEC71AAA3FD}"
EndProject
Project("{9A19103F-16F7-4668-BE54-9A1E7A4F7556}") = "Hotdogapp.Client", "Hotdogapp\Client\Hotdogapp.Client.csproj", "{A0BB1990-9F3A-47FF-B72C-025E06E39D72}"
EndProject
Project("{9A19103F-16F7-4668-BE54-9A1E7A4F7556}") = "Hotdogapp.Shared", "Hotdogapp\Shared\Hotdogapp.Shared.csproj", "{3FBC6CEE-45D7-45AB-9492-F4CF95F67953}"
EndProject
Project("{9A19103F-16F7-4668-BE54-9A1E7A4F7556}") = "ImageClassification.Train", "C:\Users\igal\Downloads\DeepLearning_ImageClassification_Training\ImageClassification.Train\ImageClassification.Train.csproj", "{72EF2B10-E1F3-49C3-8D30-B43C5723752C}"
EndProject
Global
	GlobalSection(SolutionConfigurationPlatforms) = preSolution
		Debug|Any CPU = Debug|Any CPU
		Release|Any CPU = Release|Any CPU
	EndGlobalSection
	GlobalSection(ProjectConfigurationPlatforms) = postSolution
		{7570699F-63D9-4152-B92F-0BEC71AAA3FD}.Debug|Any CPU.ActiveCfg = Debug|Any CPU
		{7570699F-63D9-4152-B92F-0BEC71AAA3FD}.Debug|Any CPU.Build.0 = Debug|Any CPU
		{7570699F-63D9-4152-B92F-0BEC71AAA3FD}.Release|Any CPU.ActiveCfg = Release|Any CPU
		{7570699F-63D9-4152-B92F-0BEC71AAA3FD}.Release|Any CPU.Build.0 = Release|Any CPU
		{A0BB1990-9F3A-47FF-B72C-025E06E39D72}.Debug|Any CPU.ActiveCfg = Debug|Any CPU
		{A0BB1990-9F3A-47FF-B72C-025E06E39D72}.Debug|Any CPU.Build.0 = Debug|Any CPU
		{A0BB1990-9F3A-47FF-B72C-025E06E39D72}.Release|Any CPU.ActiveCfg = Release|Any CPU
		{A0BB1990-9F3A-47FF-B72C-025E06E39D72}.Release|Any CPU.Build.0 = Release|Any CPU
		{3FBC6CEE-45D7-45AB-9492-F4CF95F67953}.Debug|Any CPU.ActiveCfg = Debug|Any CPU
		{3FBC6CEE-45D7-45AB-9492-F4CF95F67953}.Debug|Any CPU.Build.0 = Debug|Any CPU
		{3FBC6CEE-45D7-45AB-9492-F4CF95F67953}.Release|Any CPU.ActiveCfg = Release|Any CPU
		{3FBC6CEE-45D7-45AB-9492-F4CF95F67953}.Release|Any CPU.Build.0 = Release|Any CPU
		{72EF2B10-E1F3-49C3-8D30-B43C5723752C}.Debug|Any CPU.ActiveCfg = Debug|Any CPU
		{72EF2B10-E1F3-49C3-8D30-B43C5723752C}.Debug|Any CPU.Build.0 = Debug|Any CPU
		{72EF2B10-E1F3-49C3-8D30-B43C5723752C}.Release|Any CPU.ActiveCfg = Release|Any CPU
		{72EF2B10-E1F3-49C3-8D30-B43C5723752C}.Release|Any CPU.Build.0 = Release|Any CPU
	EndGlobalSection
	GlobalSection(SolutionProperties) = preSolution
		HideSolutionNode = FALSE
	EndGlobalSection
	GlobalSection(ExtensibilityGlobals) = postSolution
		SolutionGuid = {9D1510AA-D53D-40A9-A176-F32B05AE18B0}
	EndGlobalSection
EndGlobal
